
Microsoft Visual Studio Solution File, Format Version 12.00
# Visual Studio Version 17
VisualStudioVersion = 17.1.32210.238
MinimumVisualStudioVersion = 10.0.40219.1
Project("{8BC9CEB8-8B4A-11D0-8D11-00A0C91BC942}") = "Project19", "Project19\Project19.vcxproj", "{C8F7A49C-EDD3-4CFC-8480-77445AEC72AF}"
EndProject
Global
	GlobalSection(SolutionConfigurationPlatforms) = preSolution
		Debug|x64 = Debug|x64
		Debug|x86 = Debug|x86
		Release|x64 = Release|x64
		Release|x86 = Release|x86
	EndGlobalSection
	GlobalSection(ProjectConfigurationPlatforms) = postSolution
		{C8F7A49C-EDD3-4CFC-8480-77445AEC72AF}.Debug|x64.ActiveCfg = Debug|x64
		{C8F7A49C-EDD3-4CFC-8480-77445AEC72AF}.Debug|x64.Build.0 = Debug|x64
		{C8F7A49C-EDD3-4CFC-8480-77445AEC72AF}.Debug|x86.ActiveCfg = Debug|Win32
		{C8F7A49C-EDD3-4CFC-8480-77445AEC72AF}.Debug|x86.Build.0 = Debug|Win32
		{C8F7A49C-EDD3-4CFC-8480-77445AEC72AF}.Release|x64.ActiveCfg = Release|x64
		{C8F7A49C-EDD3-4CFC-8480-77445AEC72AF}.Release|x64.Build.0 = Release|x64
		{C8F7A49C-EDD3-4CFC-8480-77445AEC72AF}.Release|x86.ActiveCfg = Release|Win32
		{C8F7A49C-EDD3-4CFC-8480-77445AEC72AF}.Release|x86.Build.0 = Release|Win32
	EndGlobalSection
	GlobalSection(SolutionProperties) = preSolution
		HideSolutionNode = FALSE
	EndGlobalSection
	GlobalSection(ExtensibilityGlobals) = postSolution
		SolutionGuid = {985B0AD2-34B7-456B-9042-B2D2366432B3}
	EndGlobalSection
EndGlobal
